
Microsoft Visual Studio Solution File, Format Version 12.00
# Visual Studio Version 16
VisualStudioVersion = 16.0.28922.388
MinimumVisualStudioVersion = 15.0.26124.0
Project("{9A19103F-16F7-4668-BE54-9A1E7A4F7556}") = "FluentSocket.Samples.Common", "FluentSocket.Samples.Common\FluentSocket.Samples.Common.csproj", "{12765A09-3994-4970-8D23-D776AA752D97}"
EndProject
Project("{2150E333-8FDC-42A3-9474-1A3956D46DE8}") = "DotNetty", "DotNetty", "{47140D25-29EA-4ECD-B8B7-5B50AFF771C1}"
EndProject
Project("{9A19103F-16F7-4668-BE54-9A1E7A4F7556}") = "FluentSocket.Samples.Message.DotNetty.ServerHost", "FluentSocket.Samples.Message.DotNetty.ServerHost\FluentSocket.Samples.Message.DotNetty.ServerHost.csproj", "{9AEB01DE-69B4-425D-80DC-75B14718B442}"
EndProject
Project("{9A19103F-16F7-4668-BE54-9A1E7A4F7556}") = "FluentSocket.Samples.Message.DotNetty.ClientHost", "FluentSocket.Samples.Message.DotNetty.ClientHost\FluentSocket.Samples.Message.DotNetty.ClientHost.csproj", "{AC1CBD2F-3F37-489B-BFD9-1EFCA42ABBC3}"
EndProject
Project("{9A19103F-16F7-4668-BE54-9A1E7A4F7556}") = "FluentSocket", "..\framework\src\FluentSocket\FluentSocket.csproj", "{A75B3F60-428C-4585-9276-F3CCC2E58611}"
EndProject
Project("{9A19103F-16F7-4668-BE54-9A1E7A4F7556}") = "FluentSocket.DotNetty", "..\framework\src\FluentSocket.DotNetty\FluentSocket.DotNetty.csproj", "{302B853A-7B77-4927-A512-7C4F98C46F60}"
EndProject
Project("{FAE04EC0-301F-11D3-BF4B-00C04F79EFBC}") = "FluentSocket.Samples.Push.DotNetty.ServerHost", "FluentSocket.Samples.Push.DotNetty.ServerHost\FluentSocket.Samples.Push.DotNetty.ServerHost.csproj", "{2B5BD1E8-34C1-4260-A9EA-CF1F1E22AAD8}"
EndProject
Project("{FAE04EC0-301F-11D3-BF4B-00C04F79EFBC}") = "FluentSocket.Samples.Push.DotNetty.ClientHost", "FluentSocket.Samples.Push.DotNetty.ClientHost\FluentSocket.Samples.Push.DotNetty.ClientHost.csproj", "{9500A7A2-C19B-440F-9851-F5C1E62C2A25}"
EndProject
Global
	GlobalSection(SolutionConfigurationPlatforms) = preSolution
		Debug|Any CPU = Debug|Any CPU
		Debug|x64 = Debug|x64
		Debug|x86 = Debug|x86
		Release|Any CPU = Release|Any CPU
		Release|x64 = Release|x64
		Release|x86 = Release|x86
	EndGlobalSection
	GlobalSection(ProjectConfigurationPlatforms) = postSolution
		{12765A09-3994-4970-8D23-D776AA752D97}.Debug|Any CPU.ActiveCfg = Debug|Any CPU
		{12765A09-3994-4970-8D23-D776AA752D97}.Debug|Any CPU.Build.0 = Debug|Any CPU
		{12765A09-3994-4970-8D23-D776AA752D97}.Debug|x64.ActiveCfg = Debug|Any CPU
		{12765A09-3994-4970-8D23-D776AA752D97}.Debug|x64.Build.0 = Debug|Any CPU
		{12765A09-3994-4970-8D23-D776AA752D97}.Debug|x86.ActiveCfg = Debug|Any CPU
		{12765A09-3994-4970-8D23-D776AA752D97}.Debug|x86.Build.0 = Debug|Any CPU
		{12765A09-3994-4970-8D23-D776AA752D97}.Release|Any CPU.ActiveCfg = Release|Any CPU
		{12765A09-3994-4970-8D23-D776AA752D97}.Release|Any CPU.Build.0 = Release|Any CPU
		{12765A09-3994-4970-8D23-D776AA752D97}.Release|x64.ActiveCfg = Release|Any CPU
		{12765A09-3994-4970-8D23-D776AA752D97}.Release|x64.Build.0 = Release|Any CPU
		{12765A09-3994-4970-8D23-D776AA752D97}.Release|x86.ActiveCfg = Release|Any CPU
		{12765A09-3994-4970-8D23-D776AA752D97}.Release|x86.Build.0 = Release|Any CPU
		{9AEB01DE-69B4-425D-80DC-75B14718B442}.Debug|Any CPU.ActiveCfg = Debug|Any CPU
		{9AEB01DE-69B4-425D-80DC-75B14718B442}.Debug|Any CPU.Build.0 = Debug|Any CPU
		{9AEB01DE-69B4-425D-80DC-75B14718B442}.Debug|x64.ActiveCfg = Debug|Any CPU
		{9AEB01DE-69B4-425D-80DC-75B14718B442}.Debug|x64.Build.0 = Debug|Any CPU
		{9AEB01DE-69B4-425D-80DC-75B14718B442}.Debug|x86.ActiveCfg = Debug|Any CPU
		{9AEB01DE-69B4-425D-80DC-75B14718B442}.Debug|x86.Build.0 = Debug|Any CPU
		{9AEB01DE-69B4-425D-80DC-75B14718B442}.Release|Any CPU.ActiveCfg = Release|Any CPU
		{9AEB01DE-69B4-425D-80DC-75B14718B442}.Release|Any CPU.Build.0 = Release|Any CPU
		{9AEB01DE-69B4-425D-80DC-75B14718B442}.Release|x64.ActiveCfg = Release|Any CPU
		{9AEB01DE-69B4-425D-80DC-75B14718B442}.Release|x64.Build.0 = Release|Any CPU
		{9AEB01DE-69B4-425D-80DC-75B14718B442}.Release|x86.ActiveCfg = Release|Any CPU
		{9AEB01DE-69B4-425D-80DC-75B14718B442}.Release|x86.Build.0 = Release|Any CPU
		{AC1CBD2F-3F37-489B-BFD9-1EFCA42ABBC3}.Debug|Any CPU.ActiveCfg = Debug|Any CPU
		{AC1CBD2F-3F37-489B-BFD9-1EFCA42ABBC3}.Debug|Any CPU.Build.0 = Debug|Any CPU
		{AC1CBD2F-3F37-489B-BFD9-1EFCA42ABBC3}.Debug|x64.ActiveCfg = Debug|Any CPU
		{AC1CBD2F-3F37-489B-BFD9-1EFCA42ABBC3}.Debug|x64.Build.0 = Debug|Any CPU
		{AC1CBD2F-3F37-489B-BFD9-1EFCA42ABBC3}.Debug|x86.ActiveCfg = Debug|Any CPU
		{AC1CBD2F-3F37-489B-BFD9-1EFCA42ABBC3}.Debug|x86.Build.0 = Debug|Any CPU
		{AC1CBD2F-3F37-489B-BFD9-1EFCA42ABBC3}.Release|Any CPU.ActiveCfg = Release|Any CPU
		{AC1CBD2F-3F37-489B-BFD9-1EFCA42ABBC3}.Release|Any CPU.Build.0 = Release|Any CPU
		{AC1CBD2F-3F37-489B-BFD9-1EFCA42ABBC3}.Release|x64.ActiveCfg = Release|Any CPU
		{AC1CBD2F-3F37-489B-BFD9-1EFCA42ABBC3}.Release|x64.Build.0 = Release|Any CPU
		{AC1CBD2F-3F37-489B-BFD9-1EFCA42ABBC3}.Release|x86.ActiveCfg = Release|Any CPU
		{AC1CBD2F-3F37-489B-BFD9-1EFCA42ABBC3}.Release|x86.Build.0 = Release|Any CPU
		{A75B3F60-428C-4585-9276-F3CCC2E58611}.Debug|Any CPU.ActiveCfg = Debug|Any CPU
		{A75B3F60-428C-4585-9276-F3CCC2E58611}.Debug|Any CPU.Build.0 = Debug|Any CPU
		{A75B3F60-428C-4585-9276-F3CCC2E58611}.Debug|x64.ActiveCfg = Debug|Any CPU
		{A75B3F60-428C-4585-9276-F3CCC2E58611}.Debug|x64.Build.0 = Debug|Any CPU
		{A75B3F60-428C-4585-9276-F3CCC2E58611}.Debug|x86.ActiveCfg = Debug|Any CPU
		{A75B3F60-428C-4585-9276-F3CCC2E58611}.Debug|x86.Build.0 = Debug|Any CPU
		{A75B3F60-428C-4585-9276-F3CCC2E58611}.Release|Any CPU.ActiveCfg = Release|Any CPU
		{A75B3F60-428C-4585-9276-F3CCC2E58611}.Release|Any CPU.Build.0 = Release|Any CPU
		{A75B3F60-428C-4585-9276-F3CCC2E58611}.Release|x64.ActiveCfg = Release|Any CPU
		{A75B3F60-428C-4585-9276-F3CCC2E58611}.Release|x64.Build.0 = Release|Any CPU
		{A75B3F60-428C-4585-9276-F3CCC2E58611}.Release|x86.ActiveCfg = Release|Any CPU
		{A75B3F60-428C-4585-9276-F3CCC2E58611}.Release|x86.Build.0 = Release|Any CPU
		{302B853A-7B77-4927-A512-7C4F98C46F60}.Debug|Any CPU.ActiveCfg = Debug|Any CPU
		{302B853A-7B77-4927-A512-7C4F98C46F60}.Debug|Any CPU.Build.0 = Debug|Any CPU
		{302B853A-7B77-4927-A512-7C4F98C46F60}.Debug|x64.ActiveCfg = Debug|Any CPU
		{302B853A-7B77-4927-A512-7C4F98C46F60}.Debug|x64.Build.0 = Debug|Any CPU
		{302B853A-7B77-4927-A512-7C4F98C46F60}.Debug|x86.ActiveCfg = Debug|Any CPU
		{302B853A-7B77-4927-A512-7C4F98C46F60}.Debug|x86.Build.0 = Debug|Any CPU
		{302B853A-7B77-4927-A512-7C4F98C46F60}.Release|Any CPU.ActiveCfg = Release|Any CPU
		{302B853A-7B77-4927-A512-7C4F98C46F60}.Release|Any CPU.Build.0 = Release|Any CPU
		{302B853A-7B77-4927-A512-7C4F98C46F60}.Release|x64.ActiveCfg = Release|Any CPU
		{302B853A-7B77-4927-A512-7C4F98C46F60}.Release|x64.Build.0 = Release|Any CPU
		{302B853A-7B77-4927-A512-7C4F98C46F60}.Release|x86.ActiveCfg = Release|Any CPU
		{302B853A-7B77-4927-A512-7C4F98C46F60}.Release|x86.Build.0 = Release|Any CPU
		{2B5BD1E8-34C1-4260-A9EA-CF1F1E22AAD8}.Debug|Any CPU.ActiveCfg = Debug|Any CPU
		{2B5BD1E8-34C1-4260-A9EA-CF1F1E22AAD8}.Debug|Any CPU.Build.0 = Debug|Any CPU
		{2B5BD1E8-34C1-4260-A9EA-CF1F1E22AAD8}.Debug|x64.ActiveCfg = Debug|Any CPU
		{2B5BD1E8-34C1-4260-A9EA-CF1F1E22AAD8}.Debug|x64.Build.0 = Debug|Any CPU
		{2B5BD1E8-34C1-4260-A9EA-CF1F1E22AAD8}.Debug|x86.ActiveCfg = Debug|Any CPU
		{2B5BD1E8-34C1-4260-A9EA-CF1F1E22AAD8}.Debug|x86.Build.0 = Debug|Any CPU
		{2B5BD1E8-34C1-4260-A9EA-CF1F1E22AAD8}.Release|Any CPU.ActiveCfg = Release|Any CPU
		{2B5BD1E8-34C1-4260-A9EA-CF1F1E22AAD8}.Release|Any CPU.Build.0 = Release|Any CPU
		{2B5BD1E8-34C1-4260-A9EA-CF1F1E22AAD8}.Release|x64.ActiveCfg = Release|Any CPU
		{2B5BD1E8-34C1-4260-A9EA-CF1F1E22AAD8}.Release|x64.Build.0 = Release|Any CPU
		{2B5BD1E8-34C1-4260-A9EA-CF1F1E22AAD8}.Release|x86.ActiveCfg = Release|Any CPU
		{2B5BD1E8-34C1-4260-A9EA-CF1F1E22AAD8}.Release|x86.Build.0 = Release|Any CPU
		{9500A7A2-C19B-440F-9851-F5C1E62C2A25}.Debug|Any CPU.ActiveCfg = Debug|Any CPU
		{9500A7A2-C19B-440F-9851-F5C1E62C2A25}.Debug|Any CPU.Build.0 = Debug|Any CPU
		{9500A7A2-C19B-440F-9851-F5C1E62C2A25}.Debug|x64.ActiveCfg = Debug|Any CPU
		{9500A7A2-C19B-440F-9851-F5C1E62C2A25}.Debug|x64.Build.0 = Debug|Any CPU
		{9500A7A2-C19B-440F-9851-F5C1E62C2A25}.Debug|x86.ActiveCfg = Debug|Any CPU
		{9500A7A2-C19B-440F-9851-F5C1E62C2A25}.Debug|x86.Build.0 = Debug|Any CPU
		{9500A7A2-C19B-440F-9851-F5C1E62C2A25}.Release|Any CPU.ActiveCfg = Release|Any CPU
		{9500A7A2-C19B-440F-9851-F5C1E62C2A25}.Release|Any CPU.Build.0 = Release|Any CPU
		{9500A7A2-C19B-440F-9851-F5C1E62C2A25}.Release|x64.ActiveCfg = Release|Any CPU
		{9500A7A2-C19B-440F-9851-F5C1E62C2A25}.Release|x64.Build.0 = Release|Any CPU
		{9500A7A2-C19B-440F-9851-F5C1E62C2A25}.Release|x86.ActiveCfg = Release|Any CPU
		{9500A7A2-C19B-440F-9851-F5C1E62C2A25}.Release|x86.Build.0 = Release|Any CPU
	EndGlobalSection
	GlobalSection(SolutionProperties) = preSolution
		HideSolutionNode = FALSE
	EndGlobalSection
	GlobalSection(NestedProjects) = preSolution
		{9AEB01DE-69B4-425D-80DC-75B14718B442} = {47140D25-29EA-4ECD-B8B7-5B50AFF771C1}
		{AC1CBD2F-3F37-489B-BFD9-1EFCA42ABBC3} = {47140D25-29EA-4ECD-B8B7-5B50AFF771C1}
		{2B5BD1E8-34C1-4260-A9EA-CF1F1E22AAD8} = {47140D25-29EA-4ECD-B8B7-5B50AFF771C1}
		{9500A7A2-C19B-440F-9851-F5C1E62C2A25} = {47140D25-29EA-4ECD-B8B7-5B50AFF771C1}
	EndGlobalSection
	GlobalSection(ExtensibilityGlobals) = postSolution
		SolutionGuid = {029D058F-1787-4149-AA01-CA970BF1A669}
	EndGlobalSection
EndGlobal
